
Microsoft Visual Studio Solution File, Format Version 12.00
# Visual Studio Version 17
VisualStudioVersion = 17.1.32414.318
MinimumVisualStudioVersion = 10.0.40219.1
Project("{9A19103F-16F7-4668-BE54-9A1E7A4F7556}") = "CozyCornerBot.Core", "CozyCornerBot.Core\CozyCornerBot.Core.csproj", "{52519603-B03C-47E4-BB3C-2C7CFD7BE5CD}"
EndProject
Project("{FAE04EC0-301F-11D3-BF4B-00C04F79EFBC}") = "CozyCornerBot", "CozyCornerBot\CozyCornerBot.csproj", "{32C55286-0349-43EF-9D8B-FE3D59113A91}"
EndProject
Global
	GlobalSection(SolutionConfigurationPlatforms) = preSolution
		Debug|Any CPU = Debug|Any CPU
		Release|Any CPU = Release|Any CPU
	EndGlobalSection
	GlobalSection(ProjectConfigurationPlatforms) = postSolution
		{52519603-B03C-47E4-BB3C-2C7CFD7BE5CD}.Debug|Any CPU.ActiveCfg = Debug|Any CPU
		{52519603-B03C-47E4-BB3C-2C7CFD7BE5CD}.Debug|Any CPU.Build.0 = Debug|Any CPU
		{52519603-B03C-47E4-BB3C-2C7CFD7BE5CD}.Release|Any CPU.ActiveCfg = Release|Any CPU
		{52519603-B03C-47E4-BB3C-2C7CFD7BE5CD}.Release|Any CPU.Build.0 = Release|Any CPU
		{32C55286-0349-43EF-9D8B-FE3D59113A91}.Debug|Any CPU.ActiveCfg = Debug|Any CPU
		{32C55286-0349-43EF-9D8B-FE3D59113A91}.Debug|Any CPU.Build.0 = Debug|Any CPU
		{32C55286-0349-43EF-9D8B-FE3D59113A91}.Release|Any CPU.ActiveCfg = Release|Any CPU
		{32C55286-0349-43EF-9D8B-FE3D59113A91}.Release|Any CPU.Build.0 = Release|Any CPU
	EndGlobalSection
	GlobalSection(SolutionProperties) = preSolution
		HideSolutionNode = FALSE
	EndGlobalSection
	GlobalSection(ExtensibilityGlobals) = postSolution
		SolutionGuid = {4EA70832-D5E4-4D12-910C-D0F856D936B6}
	EndGlobalSection
EndGlobal
